
Microsoft Visual Studio Solution File, Format Version 12.00
# Visual Studio Version 17
VisualStudioVersion = 17.3.32819.101
MinimumVisualStudioVersion = 10.0.40219.1
Project("{9A19103F-16F7-4668-BE54-9A1E7A4F7556}") = "SFTP_To_Business_Central", "SFTP_To_Business_Central\SFTP_To_Business_Central.csproj", "{276FEE42-EF36-4526-81B1-4BA8A2AA7CF5}"
EndProject
Project("{9A19103F-16F7-4668-BE54-9A1E7A4F7556}") = "Shared", "Shared\Shared.csproj", "{DE35D175-A93F-4467-8EA3-73F638EC52F1}"
EndProject
Global
	GlobalSection(SolutionConfigurationPlatforms) = preSolution
		Debug|Any CPU = Debug|Any CPU
		Release|Any CPU = Release|Any CPU
	EndGlobalSection
	GlobalSection(ProjectConfigurationPlatforms) = postSolution
		{276FEE42-EF36-4526-81B1-4BA8A2AA7CF5}.Debug|Any CPU.ActiveCfg = Debug|Any CPU
		{276FEE42-EF36-4526-81B1-4BA8A2AA7CF5}.Debug|Any CPU.Build.0 = Debug|Any CPU
		{276FEE42-EF36-4526-81B1-4BA8A2AA7CF5}.Release|Any CPU.ActiveCfg = Release|Any CPU
		{276FEE42-EF36-4526-81B1-4BA8A2AA7CF5}.Release|Any CPU.Build.0 = Release|Any CPU
		{DE35D175-A93F-4467-8EA3-73F638EC52F1}.Debug|Any CPU.ActiveCfg = Debug|Any CPU
		{DE35D175-A93F-4467-8EA3-73F638EC52F1}.Debug|Any CPU.Build.0 = Debug|Any CPU
		{DE35D175-A93F-4467-8EA3-73F638EC52F1}.Release|Any CPU.ActiveCfg = Release|Any CPU
		{DE35D175-A93F-4467-8EA3-73F638EC52F1}.Release|Any CPU.Build.0 = Release|Any CPU
	EndGlobalSection
	GlobalSection(SolutionProperties) = preSolution
		HideSolutionNode = FALSE
	EndGlobalSection
	GlobalSection(ExtensibilityGlobals) = postSolution
		SolutionGuid = {0412F86E-AAD5-4E64-8EB7-5E8DC2EEAAD8}
	EndGlobalSection
EndGlobal
